
Microsoft Visual Studio Solution File, Format Version 12.00
# Visual Studio Version 17
VisualStudioVersion = 17.13.35605.110
MinimumVisualStudioVersion = 10.0.40219.1
Project("{FAE04EC0-301F-11D3-BF4B-00C04F79EFBC}") = "ApiConsalud", "ApiConsalud.csproj", "{1FE77F66-0D04-4BCB-8969-FB38687E681E}"
EndProject
Project("{FAE04EC0-301F-11D3-BF4B-00C04F79EFBC}") = "ApiConsalud.Test", "ApiConsalud.Test\ApiConsalud.Test.csproj", "{68DBE64F-E3CC-DA54-D3C2-91992C61B5A5}"
EndProject
Global
	GlobalSection(SolutionConfigurationPlatforms) = preSolution
		Debug|Any CPU = Debug|Any CPU
		Release|Any CPU = Release|Any CPU
	EndGlobalSection
	GlobalSection(ProjectConfigurationPlatforms) = postSolution
		{1FE77F66-0D04-4BCB-8969-FB38687E681E}.Debug|Any CPU.ActiveCfg = Debug|Any CPU
		{1FE77F66-0D04-4BCB-8969-FB38687E681E}.Debug|Any CPU.Build.0 = Debug|Any CPU
		{1FE77F66-0D04-4BCB-8969-FB38687E681E}.Release|Any CPU.ActiveCfg = Release|Any CPU
		{1FE77F66-0D04-4BCB-8969-FB38687E681E}.Release|Any CPU.Build.0 = Release|Any CPU
		{68DBE64F-E3CC-DA54-D3C2-91992C61B5A5}.Debug|Any CPU.ActiveCfg = Debug|Any CPU
		{68DBE64F-E3CC-DA54-D3C2-91992C61B5A5}.Debug|Any CPU.Build.0 = Debug|Any CPU
		{68DBE64F-E3CC-DA54-D3C2-91992C61B5A5}.Release|Any CPU.ActiveCfg = Release|Any CPU
		{68DBE64F-E3CC-DA54-D3C2-91992C61B5A5}.Release|Any CPU.Build.0 = Release|Any CPU
	EndGlobalSection
	GlobalSection(SolutionProperties) = preSolution
		HideSolutionNode = FALSE
	EndGlobalSection
	GlobalSection(ExtensibilityGlobals) = postSolution
		SolutionGuid = {B5F11C14-B53F-4585-86AF-53B173E83C49}
	EndGlobalSection
EndGlobal
